
Microsoft Visual Studio Solution File, Format Version 12.00
# Visual Studio Version 16
VisualStudioVersion = 16.0.31205.134
MinimumVisualStudioVersion = 10.0.40219.1
Project("{FAE04EC0-301F-11D3-BF4B-00C04F79EFBC}") = "prueba1", "prueba1\prueba1.csproj", "{560EC4ED-8281-4C55-A979-F956D36F8A9A}"
EndProject
Global
	GlobalSection(SolutionConfigurationPlatforms) = preSolution
		Debug|Any CPU = Debug|Any CPU
		Release|Any CPU = Release|Any CPU
	EndGlobalSection
	GlobalSection(ProjectConfigurationPlatforms) = postSolution
		{560EC4ED-8281-4C55-A979-F956D36F8A9A}.Debug|Any CPU.ActiveCfg = Debug|Any CPU
		{560EC4ED-8281-4C55-A979-F956D36F8A9A}.Debug|Any CPU.Build.0 = Debug|Any CPU
		{560EC4ED-8281-4C55-A979-F956D36F8A9A}.Release|Any CPU.ActiveCfg = Release|Any CPU
		{560EC4ED-8281-4C55-A979-F956D36F8A9A}.Release|Any CPU.Build.0 = Release|Any CPU
	EndGlobalSection
	GlobalSection(SolutionProperties) = preSolution
		HideSolutionNode = FALSE
	EndGlobalSection
	GlobalSection(ExtensibilityGlobals) = postSolution
		SolutionGuid = {470DB5DE-7823-4C62-891E-0181A4A39978}
	EndGlobalSection
EndGlobal
